
Microsoft Visual Studio Solution File, Format Version 12.00
# Visual Studio Version 16
VisualStudioVersion = 16.0.30611.23
MinimumVisualStudioVersion = 10.0.40219.1
Project("{FAE04EC0-301F-11D3-BF4B-00C04F79EFBC}") = "DATA", "DATA\DATA.csproj", "{101CFEA1-AAFB-4166-B209-883DFA4B5C7E}"
EndProject
Project("{FAE04EC0-301F-11D3-BF4B-00C04F79EFBC}") = "WebApplication", "WebApplication\WebApplication.csproj", "{3DC7A782-02E9-4DD7-83F9-4361E8A10185}"
EndProject
Global
	GlobalSection(SolutionConfigurationPlatforms) = preSolution
		Debug|Any CPU = Debug|Any CPU
		Release|Any CPU = Release|Any CPU
	EndGlobalSection
	GlobalSection(ProjectConfigurationPlatforms) = postSolution
		{101CFEA1-AAFB-4166-B209-883DFA4B5C7E}.Debug|Any CPU.ActiveCfg = Debug|Any CPU
		{101CFEA1-AAFB-4166-B209-883DFA4B5C7E}.Debug|Any CPU.Build.0 = Debug|Any CPU
		{101CFEA1-AAFB-4166-B209-883DFA4B5C7E}.Release|Any CPU.ActiveCfg = Release|Any CPU
		{101CFEA1-AAFB-4166-B209-883DFA4B5C7E}.Release|Any CPU.Build.0 = Release|Any CPU
		{3DC7A782-02E9-4DD7-83F9-4361E8A10185}.Debug|Any CPU.ActiveCfg = Debug|Any CPU
		{3DC7A782-02E9-4DD7-83F9-4361E8A10185}.Debug|Any CPU.Build.0 = Debug|Any CPU
		{3DC7A782-02E9-4DD7-83F9-4361E8A10185}.Release|Any CPU.ActiveCfg = Release|Any CPU
		{3DC7A782-02E9-4DD7-83F9-4361E8A10185}.Release|Any CPU.Build.0 = Release|Any CPU
	EndGlobalSection
	GlobalSection(SolutionProperties) = preSolution
		HideSolutionNode = FALSE
	EndGlobalSection
	GlobalSection(ExtensibilityGlobals) = postSolution
		SolutionGuid = {D672B491-91EF-42E1-9DF7-FD333E306AF3}
	EndGlobalSection
EndGlobal
